
Microsoft Visual Studio Solution File, Format Version 12.00
# Visual Studio 2017
Project("{FAE04EC0-301F-11D3-BF4B-00C04F79EFBC}") = "register", "register.csproj", "{1E2425A1-0A12-48F4-AEC5-890B12113891}"
EndProject
Global
	GlobalSection(SolutionConfigurationPlatforms) = preSolution
		Debug|Any CPU = Debug|Any CPU
		Release|Any CPU = Release|Any CPU
	EndGlobalSection
	GlobalSection(ProjectConfigurationPlatforms) = postSolution
		{1E2425A1-0A12-48F4-AEC5-890B12113891}.Debug|Any CPU.ActiveCfg = Debug|Any CPU
		{1E2425A1-0A12-48F4-AEC5-890B12113891}.Debug|Any CPU.Build.0 = Debug|Any CPU
		{1E2425A1-0A12-48F4-AEC5-890B12113891}.Release|Any CPU.ActiveCfg = Release|Any CPU
		{1E2425A1-0A12-48F4-AEC5-890B12113891}.Release|Any CPU.Build.0 = Release|Any CPU
	EndGlobalSection
EndGlobal
